<?xml version="1.0" encoding="utf-8"?>
<Project ToolsVersion="4.0" xmlns="http://schemas.microsoft.com/developer/msbuild/2003">
  <ItemGroup>
    <Filter Include="Исходные файлы">
      <UniqueIdentifier>{4FC737F1-C7A5-4376-A066-2A32D752A2FF}</UniqueIdentifier>
      <Extensions>cpp;c;cc;cxx;def;odl;idl;hpj;bat;asm;asmx</Extensions>
    </Filter>
    <Filter Include="Файлы заголовков">
      <UniqueIdentifier>{93995380-89BD-4b04-88EB-625FBE52EBFB}</UniqueIdentifier>
      <Extensions>h;hh;hpp;hxx;hm;inl;inc;ipp;xsd</Extensions>
    </Filter>
    <Filter Include="Файлы ресурсов">
      <UniqueIdentifier>{67DA6AB6-F800-4c08-8B7A-83BB121AAD01}</UniqueIdentifier>
      <Extensions>rc;ico;cur;bmp;dlg;rc2;rct;bin;rgs;gif;jpg;jpeg;jpe;resx;tiff;tif;png;wav;mfcribbon-ms</Extensions>
    </Filter>
    <Filter Include="Исходные файлы\Canvas">
      <UniqueIdentifier>{96586888-6271-40c9-884a-4b7cc1dd76b8}</UniqueIdentifier>
    </Filter>
    <Filter Include="Исходные файлы\Composite">
      <UniqueIdentifier>{5590a0ca-d964-4bc7-8416-deef6fbe6f51}</UniqueIdentifier>
    </Filter>
    <Filter Include="Исходные файлы\Handler">
      <UniqueIdentifier>{d631b99e-b558-40bd-9144-b04414384b57}</UniqueIdentifier>
    </Filter>
    <Filter Include="Исходные файлы\Shape">
      <UniqueIdentifier>{971aac72-e71e-40df-b145-4820893208aa}</UniqueIdentifier>
    </Filter>
    <Filter Include="Исходные файлы\Utils">
      <UniqueIdentifier>{f4737d66-59da-4e68-bbed-525d70df2d66}</UniqueIdentifier>
    </Filter>
    <Filter Include="Файлы заголовков\Canvas">
      <UniqueIdentifier>{bd5e3ff0-e741-43b4-b5b8-f083639cbde2}</UniqueIdentifier>
    </Filter>
    <Filter Include="Файлы заголовков\Composite">
      <UniqueIdentifier>{6c1ab5a0-290c-4865-a458-0eed15b4360a}</UniqueIdentifier>
    </Filter>
    <Filter Include="Файлы заголовков\Decorator">
      <UniqueIdentifier>{f4af3044-28cb-4aa2-9782-4e903a294869}</UniqueIdentifier>
    </Filter>
    <Filter Include="Файлы заголовков\Handler">
      <UniqueIdentifier>{8d53abed-f52b-4647-94b5-d81b01823dd3}</UniqueIdentifier>
    </Filter>
    <Filter Include="Файлы заголовков\Shape">
      <UniqueIdentifier>{baf3cb4e-232e-4890-a40a-58614a6347c2}</UniqueIdentifier>
    </Filter>
    <Filter Include="Файлы заголовков\Utils">
      <UniqueIdentifier>{57b61b62-bbc7-4f52-830b-f2131f7097e6}</UniqueIdentifier>
    </Filter>
  </ItemGroup>
  <ItemGroup>
    <ClInclude Include="Const.h">
      <Filter>Файлы заголовков</Filter>
    </ClInclude>
    <ClInclude Include="Canvas\CCanvas.h">
      <Filter>Файлы заголовков\Canvas</Filter>
    </ClInclude>
    <ClInclude Include="Canvas\ICanvasDrawable.h">
      <Filter>Файлы заголовков\Canvas</Filter>
    </ClInclude>
    <ClInclude Include="Composite\CComposite.h">
      <Filter>Файлы заголовков\Composite</Filter>
    </ClInclude>
    <ClInclude Include="Decorator\CShapeDecorator.h">
      <Filter>Файлы заголовков\Decorator</Filter>
    </ClInclude>
    <ClInclude Include="Handler\CShapeHandler.h">
      <Filter>Файлы заголовков\Handler</Filter>
    </ClInclude>
    <ClInclude Include="Utils\Utils.h">
      <Filter>Файлы заголовков\Utils</Filter>
    </ClInclude>
    <ClInclude Include="Shape\CCircle.h">
      <Filter>Файлы заголовков\Shape</Filter>
    </ClInclude>
    <ClInclude Include="Shape\CRectangle.h">
      <Filter>Файлы заголовков\Shape</Filter>
    </ClInclude>
    <ClInclude Include="Shape\CTriangle.h">
      <Filter>Файлы заголовков\Shape</Filter>
    </ClInclude>
    <ClInclude Include="Shape\IShape.h">
      <Filter>Файлы заголовков\Shape</Filter>
    </ClInclude>
    <ClInclude Include="Colors.h">
      <Filter>Файлы заголовков</Filter>
    </ClInclude>
  </ItemGroup>
  <ItemGroup>
    <ClCompile Include="Canvas\CCanvas.cpp">
      <Filter>Исходные файлы\Canvas</Filter>
    </ClCompile>
    <ClCompile Include="Composite\CComposite.cpp">
      <Filter>Исходные файлы\Composite</Filter>
    </ClCompile>
    <ClCompile Include="Handler\CShapeHandler.cpp">
      <Filter>Исходные файлы\Handler</Filter>
    </ClCompile>
    <ClCompile Include="Utils\Utils.cpp">
      <Filter>Исходные файлы\Utils</Filter>
    </ClCompile>
    <ClCompile Include="Shape\CCircle.cpp">
      <Filter>Исходные файлы\Shape</Filter>
    </ClCompile>
    <ClCompile Include="Shape\CRectangle.cpp">
      <Filter>Исходные файлы\Shape</Filter>
    </ClCompile>
    <ClCompile Include="Shape\CTriangle.cpp">
      <Filter>Исходные файлы\Shape</Filter>
    </ClCompile>
    <ClCompile Include="main.cpp">
      <Filter>Исходные файлы</Filter>
    </ClCompile>
  </ItemGroup>
</Project>