<?xml version="1.0" encoding="utf-8"?>
<Project ToolsVersion="4.0" xmlns="http://schemas.microsoft.com/developer/msbuild/2003">
  <ItemGroup>
    <Filter Include="Исходные файлы">
      <UniqueIdentifier>{4FC737F1-C7A5-4376-A066-2A32D752A2FF}</UniqueIdentifier>
      <Extensions>cpp;c;cc;cxx;def;odl;idl;hpj;bat;asm;asmx</Extensions>
    </Filter>
    <Filter Include="Файлы заголовков">
      <UniqueIdentifier>{93995380-89BD-4b04-88EB-625FBE52EBFB}</UniqueIdentifier>
      <Extensions>h;hh;hpp;hxx;hm;inl;inc;ipp;xsd</Extensions>
    </Filter>
    <Filter Include="Файлы ресурсов">
      <UniqueIdentifier>{67DA6AB6-F800-4c08-8B7A-83BB121AAD01}</UniqueIdentifier>
      <Extensions>rc;ico;cur;bmp;dlg;rc2;rct;bin;rgs;gif;jpg;jpeg;jpe;resx;tiff;tif;png;wav;mfcribbon-ms</Extensions>
    </Filter>
    <Filter Include="Исходные файлы\Canvas">
      <UniqueIdentifier>{b72a74cd-a4d5-461e-b4f4-ab531c5f96bb}</UniqueIdentifier>
    </Filter>
    <Filter Include="Исходные файлы\Shape">
      <UniqueIdentifier>{19814f93-42ef-48d9-9e02-3782610e86b6}</UniqueIdentifier>
    </Filter>
    <Filter Include="Исходные файлы\Composite">
      <UniqueIdentifier>{587a6638-ffa4-4f5e-931d-bcdc7067a568}</UniqueIdentifier>
    </Filter>
    <Filter Include="Исходные файлы\Handler">
      <UniqueIdentifier>{b8d195d8-e154-4911-ac99-e034c7aa4d5e}</UniqueIdentifier>
    </Filter>
    <Filter Include="Файлы заголовков\Shape">
      <UniqueIdentifier>{3fbb87fe-fb17-4cb5-aa7a-2f07e0e7af90}</UniqueIdentifier>
    </Filter>
    <Filter Include="Файлы заголовков\Decorator">
      <UniqueIdentifier>{bd2ffe41-4ada-491d-bff1-75beccfaf4f5}</UniqueIdentifier>
    </Filter>
    <Filter Include="Файлы заголовков\Handler">
      <UniqueIdentifier>{d0c766bf-f0b6-4298-a99b-b237fa16f957}</UniqueIdentifier>
    </Filter>
    <Filter Include="Файлы заголовков\Canvas">
      <UniqueIdentifier>{a5e448bf-8662-4d82-bf65-555b6a48e666}</UniqueIdentifier>
    </Filter>
    <Filter Include="Файлы заголовков\Composite">
      <UniqueIdentifier>{8bfe23bd-5eac-4bfb-b294-b22289f4b4d8}</UniqueIdentifier>
    </Filter>
    <Filter Include="Исходные файлы\States">
      <UniqueIdentifier>{43a52661-d9e5-4061-b15d-4db0fe02fdf1}</UniqueIdentifier>
    </Filter>
    <Filter Include="Исходные файлы\Commands">
      <UniqueIdentifier>{9b7f8b87-bf41-4d7f-8177-996151fef355}</UniqueIdentifier>
    </Filter>
    <Filter Include="Файлы заголовков\Commands">
      <UniqueIdentifier>{c7476fe0-eda4-48fd-ad99-d46c8ce59c3b}</UniqueIdentifier>
    </Filter>
    <Filter Include="Исходные файлы\Toolbar">
      <UniqueIdentifier>{329a8e4d-db5a-45dd-94ce-deec0ab45e8f}</UniqueIdentifier>
    </Filter>
    <Filter Include="Файлы заголовков\Toolbar">
      <UniqueIdentifier>{38cb0661-731a-4ccf-9453-56329183a41c}</UniqueIdentifier>
    </Filter>
    <Filter Include="Файлы заголовков\States">
      <UniqueIdentifier>{c4378385-9db9-4c14-869a-2d2a81e38300}</UniqueIdentifier>
    </Filter>
    <Filter Include="Исходные файлы\Utils">
      <UniqueIdentifier>{d9da97d5-5227-4934-81e7-06f7d846eeef}</UniqueIdentifier>
    </Filter>
    <Filter Include="Файлы заголовков\Utils">
      <UniqueIdentifier>{35900167-3fcb-4599-8ab0-e4901c9721a3}</UniqueIdentifier>
    </Filter>
  </ItemGroup>
  <ItemGroup>
    <ClCompile Include="main.cpp">
      <Filter>Исходные файлы</Filter>
    </ClCompile>
    <ClCompile Include="Shape\CCircle.cpp">
      <Filter>Исходные файлы\Shape</Filter>
    </ClCompile>
    <ClCompile Include="Shape\CRectangle.cpp">
      <Filter>Исходные файлы\Shape</Filter>
    </ClCompile>
    <ClCompile Include="Shape\CTriangle.cpp">
      <Filter>Исходные файлы\Shape</Filter>
    </ClCompile>
    <ClCompile Include="Handler\CShapeHandler.cpp">
      <Filter>Исходные файлы\Handler</Filter>
    </ClCompile>
    <ClCompile Include="Canvas\CCanvas.cpp">
      <Filter>Исходные файлы\Canvas</Filter>
    </ClCompile>
    <ClCompile Include="Composite\CComposite.cpp">
      <Filter>Исходные файлы\Composite</Filter>
    </ClCompile>
    <ClCompile Include="Toolbar\CToolbar.cpp">
      <Filter>Исходные файлы\Toolbar</Filter>
    </ClCompile>
    <ClCompile Include="Commands\CFillGreenCommand.cpp">
      <Filter>Исходные файлы\Commands</Filter>
    </ClCompile>
    <ClCompile Include="Commands\CFillRedCommand.cpp">
      <Filter>Исходные файлы\Commands</Filter>
    </ClCompile>
    <ClCompile Include="Commands\CFillYellowCommand.cpp">
      <Filter>Исходные файлы\Commands</Filter>
    </ClCompile>
    <ClCompile Include="Commands\COutlineColorBlueCommand.cpp">
      <Filter>Исходные файлы\Commands</Filter>
    </ClCompile>
    <ClCompile Include="Commands\COutlineColorCyanCommand.cpp">
      <Filter>Исходные файлы\Commands</Filter>
    </ClCompile>
    <ClCompile Include="Commands\COutlineColorMagentaCommand.cpp">
      <Filter>Исходные файлы\Commands</Filter>
    </ClCompile>
    <ClCompile Include="Commands\COutlineThicknessOneCommand.cpp">
      <Filter>Исходные файлы\Commands</Filter>
    </ClCompile>
    <ClCompile Include="Commands\COutlineThicknessTwoCommand.cpp">
      <Filter>Исходные файлы\Commands</Filter>
    </ClCompile>
    <ClCompile Include="Utils\Utils.cpp">
      <Filter>Исходные файлы\Utils</Filter>
    </ClCompile>
    <ClCompile Include="Commands\CInvoker.cpp">
      <Filter>Исходные файлы\Commands</Filter>
    </ClCompile>
    <ClCompile Include="States\CStateContext.cpp">
      <Filter>Исходные файлы\States</Filter>
    </ClCompile>
    <ClCompile Include="States\CDragState.cpp">
      <Filter>Исходные файлы\States</Filter>
    </ClCompile>
    <ClCompile Include="States\CAddState.cpp">
      <Filter>Исходные файлы\States</Filter>
    </ClCompile>
    <ClCompile Include="States\CFillState.cpp">
      <Filter>Исходные файлы\States</Filter>
    </ClCompile>
  </ItemGroup>
  <ItemGroup>
    <ClInclude Include="Const.h">
      <Filter>Файлы заголовков</Filter>
    </ClInclude>
    <ClInclude Include="Shape\CCircle.h">
      <Filter>Файлы заголовков\Shape</Filter>
    </ClInclude>
    <ClInclude Include="Shape\CRectangle.h">
      <Filter>Файлы заголовков\Shape</Filter>
    </ClInclude>
    <ClInclude Include="Shape\CTriangle.h">
      <Filter>Файлы заголовков\Shape</Filter>
    </ClInclude>
    <ClInclude Include="Decorator\CShapeDecorator.h">
      <Filter>Файлы заголовков\Decorator</Filter>
    </ClInclude>
    <ClInclude Include="Handler\CShapeHandler.h">
      <Filter>Файлы заголовков\Handler</Filter>
    </ClInclude>
    <ClInclude Include="Canvas\CCanvas.h">
      <Filter>Файлы заголовков\Canvas</Filter>
    </ClInclude>
    <ClInclude Include="Canvas\ICanvasDrawable.h">
      <Filter>Файлы заголовков\Canvas</Filter>
    </ClInclude>
    <ClInclude Include="Shape\IShape.h">
      <Filter>Файлы заголовков\Shape</Filter>
    </ClInclude>
    <ClInclude Include="Composite\CComposite.h">
      <Filter>Файлы заголовков\Composite</Filter>
    </ClInclude>
    <ClInclude Include="Commands\ICommand.h">
      <Filter>Файлы заголовков\Commands</Filter>
    </ClInclude>
    <ClInclude Include="Colors.h">
      <Filter>Файлы заголовков</Filter>
    </ClInclude>
    <ClInclude Include="Toolbar\CToolbar.h">
      <Filter>Файлы заголовков\Toolbar</Filter>
    </ClInclude>
    <ClInclude Include="States\IState.h">
      <Filter>Файлы заголовков\States</Filter>
    </ClInclude>
    <ClInclude Include="States\CAddState.h">
      <Filter>Файлы заголовков\States</Filter>
    </ClInclude>
    <ClInclude Include="Commands\CFillGreenCommand.h">
      <Filter>Файлы заголовков\Commands</Filter>
    </ClInclude>
    <ClInclude Include="Commands\CFillRedCommand.h">
      <Filter>Файлы заголовков\Commands</Filter>
    </ClInclude>
    <ClInclude Include="Commands\CFillYellowCommand.h">
      <Filter>Файлы заголовков\Commands</Filter>
    </ClInclude>
    <ClInclude Include="Commands\COutlineColorBlueCommand.h">
      <Filter>Файлы заголовков\Commands</Filter>
    </ClInclude>
    <ClInclude Include="Commands\COutlineColorCyanCommand.h">
      <Filter>Файлы заголовков\Commands</Filter>
    </ClInclude>
    <ClInclude Include="Commands\COutlineColorMagentaCommand.h">
      <Filter>Файлы заголовков\Commands</Filter>
    </ClInclude>
    <ClInclude Include="Commands\COutlineThicknessOneCommand.h">
      <Filter>Файлы заголовков\Commands</Filter>
    </ClInclude>
    <ClInclude Include="Commands\COutlineThicknessTwoCommand.h">
      <Filter>Файлы заголовков\Commands</Filter>
    </ClInclude>
    <ClInclude Include="States\CDragState.h">
      <Filter>Файлы заголовков\States</Filter>
    </ClInclude>
    <ClInclude Include="States\CFillState.h">
      <Filter>Файлы заголовков\States</Filter>
    </ClInclude>
    <ClInclude Include="Utils\Utils.h">
      <Filter>Файлы заголовков\Utils</Filter>
    </ClInclude>
    <ClInclude Include="Commands\CInvoker.h">
      <Filter>Файлы заголовков\Commands</Filter>
    </ClInclude>
    <ClInclude Include="States\CStateContext.h">
      <Filter>Файлы заголовков\States</Filter>
    </ClInclude>
  </ItemGroup>
</Project>